
Microsoft Visual Studio Solution File, Format Version 12.00
# Visual Studio 15
VisualStudioVersion = 15.0.27004.2008
MinimumVisualStudioVersion = 10.0.40219.1
Project("{FAE04EC0-301F-11D3-BF4B-00C04F79EFBC}") = "CSC 330 Project 2", "CSC 330 Project 2\CSC 330 Project 2.csproj", "{4F14526D-6813-423F-BB3D-5F71BF9A0997}"
EndProject
Global
	GlobalSection(SolutionConfigurationPlatforms) = preSolution
		Debug|Any CPU = Debug|Any CPU
		Release|Any CPU = Release|Any CPU
	EndGlobalSection
	GlobalSection(ProjectConfigurationPlatforms) = postSolution
		{4F14526D-6813-423F-BB3D-5F71BF9A0997}.Debug|Any CPU.ActiveCfg = Debug|Any CPU
		{4F14526D-6813-423F-BB3D-5F71BF9A0997}.Debug|Any CPU.Build.0 = Debug|Any CPU
		{4F14526D-6813-423F-BB3D-5F71BF9A0997}.Release|Any CPU.ActiveCfg = Release|Any CPU
		{4F14526D-6813-423F-BB3D-5F71BF9A0997}.Release|Any CPU.Build.0 = Release|Any CPU
	EndGlobalSection
	GlobalSection(SolutionProperties) = preSolution
		HideSolutionNode = FALSE
	EndGlobalSection
	GlobalSection(ExtensibilityGlobals) = postSolution
		SolutionGuid = {171C14AF-7F20-42F2-8DBB-79277486FD2D}
	EndGlobalSection
EndGlobal
